# THIS IS AN AUTOGENERATED FILE. DO NOT EDIT THIS FILE DIRECTLY.
# yarn lockfile v1


"@types/node@^20.8.4":
  version "20.8.4"
  resolved "https://registry.npmjs.org/@types/node/-/node-20.8.4.tgz"
  integrity sha512-ZVPnqU58giiCjSxjVUESDtdPk4QR5WQhhINbc9UBrKLU68MX5BF6kbQzTrkwbolyr0X8ChBpXfavr5mZFKZQ5A==
  dependencies:
    undici-types "~5.25.1"

await-exec@^0.1.2:
  version "0.1.2"
  resolved "https://registry.npmjs.org/await-exec/-/await-exec-0.1.2.tgz"
  integrity sha512-BQUiyBLScS0+YPnnCZZGjb78mZ8sQ8aKgxarDPNw05rpbaCS7VIQSLy2tgjZKct9Dn1xLbKMXOpA98OWei90zA==

systeminformation@^5.21.11:
  version "5.21.11"
  resolved "https://registry.npmjs.org/systeminformation/-/systeminformation-5.21.11.tgz"
  integrity sha512-dIJEGoP5W7k4JJGje/b+inJrOL5hV9LPsUi5ndBvJydI80CVEcu2DZYgt6prdRErDi2SA4SqYd/WMR4b+u34mA==

typescript@^5.2.2:
  version "5.2.2"
  resolved "https://registry.npmjs.org/typescript/-/typescript-5.2.2.tgz"
  integrity sha512-mI4WrpHsbCIcwT9cF4FZvr80QUeKvsUsUvKDoR+X/7XHQH98xYD8YHZg7ANtz2GtZt/CBq2QJ0thkGJMHfqc1w==

undici-types@~5.25.1:
  version "5.25.3"
  resolved "https://registry.npmjs.org/undici-types/-/undici-types-5.25.3.tgz"
  integrity sha512-Ga1jfYwRn7+cP9v8auvEXN1rX3sWqlayd4HP7OKk4mZWylEmu3KzXDUGrQUN6Ol7qo1gPvB2e5gX6udnyEPgdA==
